
Microsoft Visual Studio Solution File, Format Version 12.00
# Visual Studio Version 17
VisualStudioVersion = 17.0.31903.59
MinimumVisualStudioVersion = 10.0.40219.1
Project("{FAE04EC0-301F-11D3-BF4B-00C04F79EFBC}") = "JD.MSBuild.Fluent.Tests", "test\\JD.MSBuild.Fluent.Tests\\JD.MSBuild.Fluent.Tests.csproj", "{14937BB9-3A48-4D30-8D04-9E5E9D95F40D}"
EndProject
Project("{2150E333-8FDC-42A3-9474-1A3956D46DE8}") = "src", "src", "{827E0CD3-B72D-47B6-A68D-7590B98EB39B}"
EndProject
Project("{FAE04EC0-301F-11D3-BF4B-00C04F79EFBC}") = "JD.MSBuild.Fluent.Generators", "src\JD.MSBuild.Fluent.Generators\JD.MSBuild.Fluent.Generators.csproj", "{CE841C58-BFB4-4C07-93D8-650EDC8C757D}"
EndProject
Project("{FAE04EC0-301F-11D3-BF4B-00C04F79EFBC}") = "JD.MSBuild.Fluent.Tasks", "src\JD.MSBuild.Fluent.Tasks\JD.MSBuild.Fluent.Tasks.csproj", "{97615ADA-9AFA-4C5E-BB10-06607AAAA739}"
EndProject
Project("{FAE04EC0-301F-11D3-BF4B-00C04F79EFBC}") = "JD.MSBuild.Fluent", "src\JD.MSBuild.Fluent\JD.MSBuild.Fluent.csproj", "{92316233-20C7-4F70-B341-EF3D4304E822}"
EndProject
Project("{2150E333-8FDC-42A3-9474-1A3956D46DE8}") = "test", "test", "{0C88DD14-F956-CE84-757C-A364CCF449FC}"
EndProject
Project("{FAE04EC0-301F-11D3-BF4B-00C04F79EFBC}") = "JD.MSBuild.Fluent.RealWorldTests", "test\JD.MSBuild.Fluent.RealWorldTests\JD.MSBuild.Fluent.RealWorldTests.csproj", "{F37A461A-A213-4235-9D24-D67C19F4A124}"
EndProject
Project("{FAE04EC0-301F-11D3-BF4B-00C04F79EFBC}") = "JD.MSBuild.Fluent.Cli", "src\JD.MSBuild.Fluent.Cli\JD.MSBuild.Fluent.Cli.csproj", "{9F59E8FD-5B82-4465-971B-A742F3A5CD92}"
EndProject
Global
	GlobalSection(SolutionConfigurationPlatforms) = preSolution
		Debug|Any CPU = Debug|Any CPU
		Debug|x64 = Debug|x64
		Debug|x86 = Debug|x86
		Release|Any CPU = Release|Any CPU
		Release|x64 = Release|x64
		Release|x86 = Release|x86
	EndGlobalSection
	GlobalSection(ProjectConfigurationPlatforms) = postSolution
		{14937BB9-3A48-4D30-8D04-9E5E9D95F40D}.Debug|Any CPU.ActiveCfg = Debug|Any CPU
		{14937BB9-3A48-4D30-8D04-9E5E9D95F40D}.Debug|Any CPU.Build.0 = Debug|Any CPU
		{14937BB9-3A48-4D30-8D04-9E5E9D95F40D}.Debug|x64.ActiveCfg = Debug|Any CPU
		{14937BB9-3A48-4D30-8D04-9E5E9D95F40D}.Debug|x64.Build.0 = Debug|Any CPU
		{14937BB9-3A48-4D30-8D04-9E5E9D95F40D}.Debug|x86.ActiveCfg = Debug|Any CPU
		{14937BB9-3A48-4D30-8D04-9E5E9D95F40D}.Debug|x86.Build.0 = Debug|Any CPU
		{14937BB9-3A48-4D30-8D04-9E5E9D95F40D}.Release|Any CPU.ActiveCfg = Release|Any CPU
		{14937BB9-3A48-4D30-8D04-9E5E9D95F40D}.Release|Any CPU.Build.0 = Release|Any CPU
		{14937BB9-3A48-4D30-8D04-9E5E9D95F40D}.Release|x64.ActiveCfg = Release|Any CPU
		{14937BB9-3A48-4D30-8D04-9E5E9D95F40D}.Release|x64.Build.0 = Release|Any CPU
		{14937BB9-3A48-4D30-8D04-9E5E9D95F40D}.Release|x86.ActiveCfg = Release|Any CPU
		{14937BB9-3A48-4D30-8D04-9E5E9D95F40D}.Release|x86.Build.0 = Release|Any CPU
		{CE841C58-BFB4-4C07-93D8-650EDC8C757D}.Debug|Any CPU.ActiveCfg = Debug|Any CPU
		{CE841C58-BFB4-4C07-93D8-650EDC8C757D}.Debug|Any CPU.Build.0 = Debug|Any CPU
		{CE841C58-BFB4-4C07-93D8-650EDC8C757D}.Debug|x64.ActiveCfg = Debug|Any CPU
		{CE841C58-BFB4-4C07-93D8-650EDC8C757D}.Debug|x64.Build.0 = Debug|Any CPU
		{CE841C58-BFB4-4C07-93D8-650EDC8C757D}.Debug|x86.ActiveCfg = Debug|Any CPU
		{CE841C58-BFB4-4C07-93D8-650EDC8C757D}.Debug|x86.Build.0 = Debug|Any CPU
		{CE841C58-BFB4-4C07-93D8-650EDC8C757D}.Release|Any CPU.ActiveCfg = Release|Any CPU
		{CE841C58-BFB4-4C07-93D8-650EDC8C757D}.Release|Any CPU.Build.0 = Release|Any CPU
		{CE841C58-BFB4-4C07-93D8-650EDC8C757D}.Release|x64.ActiveCfg = Release|Any CPU
		{CE841C58-BFB4-4C07-93D8-650EDC8C757D}.Release|x64.Build.0 = Release|Any CPU
		{CE841C58-BFB4-4C07-93D8-650EDC8C757D}.Release|x86.ActiveCfg = Release|Any CPU
		{CE841C58-BFB4-4C07-93D8-650EDC8C757D}.Release|x86.Build.0 = Release|Any CPU
		{97615ADA-9AFA-4C5E-BB10-06607AAAA739}.Debug|Any CPU.ActiveCfg = Debug|Any CPU
		{97615ADA-9AFA-4C5E-BB10-06607AAAA739}.Debug|Any CPU.Build.0 = Debug|Any CPU
		{97615ADA-9AFA-4C5E-BB10-06607AAAA739}.Debug|x64.ActiveCfg = Debug|Any CPU
		{97615ADA-9AFA-4C5E-BB10-06607AAAA739}.Debug|x64.Build.0 = Debug|Any CPU
		{97615ADA-9AFA-4C5E-BB10-06607AAAA739}.Debug|x86.ActiveCfg = Debug|Any CPU
		{97615ADA-9AFA-4C5E-BB10-06607AAAA739}.Debug|x86.Build.0 = Debug|Any CPU
		{97615ADA-9AFA-4C5E-BB10-06607AAAA739}.Release|Any CPU.ActiveCfg = Release|Any CPU
		{97615ADA-9AFA-4C5E-BB10-06607AAAA739}.Release|Any CPU.Build.0 = Release|Any CPU
		{97615ADA-9AFA-4C5E-BB10-06607AAAA739}.Release|x64.ActiveCfg = Release|Any CPU
		{97615ADA-9AFA-4C5E-BB10-06607AAAA739}.Release|x64.Build.0 = Release|Any CPU
		{97615ADA-9AFA-4C5E-BB10-06607AAAA739}.Release|x86.ActiveCfg = Release|Any CPU
		{97615ADA-9AFA-4C5E-BB10-06607AAAA739}.Release|x86.Build.0 = Release|Any CPU
		{92316233-20C7-4F70-B341-EF3D4304E822}.Debug|Any CPU.ActiveCfg = Debug|Any CPU
		{92316233-20C7-4F70-B341-EF3D4304E822}.Debug|Any CPU.Build.0 = Debug|Any CPU
		{92316233-20C7-4F70-B341-EF3D4304E822}.Debug|x64.ActiveCfg = Debug|Any CPU
		{92316233-20C7-4F70-B341-EF3D4304E822}.Debug|x64.Build.0 = Debug|Any CPU
		{92316233-20C7-4F70-B341-EF3D4304E822}.Debug|x86.ActiveCfg = Debug|Any CPU
		{92316233-20C7-4F70-B341-EF3D4304E822}.Debug|x86.Build.0 = Debug|Any CPU
		{92316233-20C7-4F70-B341-EF3D4304E822}.Release|Any CPU.ActiveCfg = Release|Any CPU
		{92316233-20C7-4F70-B341-EF3D4304E822}.Release|Any CPU.Build.0 = Release|Any CPU
		{92316233-20C7-4F70-B341-EF3D4304E822}.Release|x64.ActiveCfg = Release|Any CPU
		{92316233-20C7-4F70-B341-EF3D4304E822}.Release|x64.Build.0 = Release|Any CPU
		{92316233-20C7-4F70-B341-EF3D4304E822}.Release|x86.ActiveCfg = Release|Any CPU
		{92316233-20C7-4F70-B341-EF3D4304E822}.Release|x86.Build.0 = Release|Any CPU
		{F37A461A-A213-4235-9D24-D67C19F4A124}.Debug|Any CPU.ActiveCfg = Debug|Any CPU
		{F37A461A-A213-4235-9D24-D67C19F4A124}.Debug|Any CPU.Build.0 = Debug|Any CPU
		{F37A461A-A213-4235-9D24-D67C19F4A124}.Debug|x64.ActiveCfg = Debug|Any CPU
		{F37A461A-A213-4235-9D24-D67C19F4A124}.Debug|x64.Build.0 = Debug|Any CPU
		{F37A461A-A213-4235-9D24-D67C19F4A124}.Debug|x86.ActiveCfg = Debug|Any CPU
		{F37A461A-A213-4235-9D24-D67C19F4A124}.Debug|x86.Build.0 = Debug|Any CPU
		{F37A461A-A213-4235-9D24-D67C19F4A124}.Release|Any CPU.ActiveCfg = Release|Any CPU
		{F37A461A-A213-4235-9D24-D67C19F4A124}.Release|Any CPU.Build.0 = Release|Any CPU
		{F37A461A-A213-4235-9D24-D67C19F4A124}.Release|x64.ActiveCfg = Release|Any CPU
		{F37A461A-A213-4235-9D24-D67C19F4A124}.Release|x64.Build.0 = Release|Any CPU
		{F37A461A-A213-4235-9D24-D67C19F4A124}.Release|x86.ActiveCfg = Release|Any CPU
		{F37A461A-A213-4235-9D24-D67C19F4A124}.Release|x86.Build.0 = Release|Any CPU
		{9F59E8FD-5B82-4465-971B-A742F3A5CD92}.Debug|Any CPU.ActiveCfg = Debug|Any CPU
		{9F59E8FD-5B82-4465-971B-A742F3A5CD92}.Debug|Any CPU.Build.0 = Debug|Any CPU
		{9F59E8FD-5B82-4465-971B-A742F3A5CD92}.Debug|x64.ActiveCfg = Debug|Any CPU
		{9F59E8FD-5B82-4465-971B-A742F3A5CD92}.Debug|x64.Build.0 = Debug|Any CPU
		{9F59E8FD-5B82-4465-971B-A742F3A5CD92}.Debug|x86.ActiveCfg = Debug|Any CPU
		{9F59E8FD-5B82-4465-971B-A742F3A5CD92}.Debug|x86.Build.0 = Debug|Any CPU
		{9F59E8FD-5B82-4465-971B-A742F3A5CD92}.Release|Any CPU.ActiveCfg = Release|Any CPU
		{9F59E8FD-5B82-4465-971B-A742F3A5CD92}.Release|Any CPU.Build.0 = Release|Any CPU
		{9F59E8FD-5B82-4465-971B-A742F3A5CD92}.Release|x64.ActiveCfg = Release|Any CPU
		{9F59E8FD-5B82-4465-971B-A742F3A5CD92}.Release|x64.Build.0 = Release|Any CPU
		{9F59E8FD-5B82-4465-971B-A742F3A5CD92}.Release|x86.ActiveCfg = Release|Any CPU
		{9F59E8FD-5B82-4465-971B-A742F3A5CD92}.Release|x86.Build.0 = Release|Any CPU
	EndGlobalSection
	GlobalSection(SolutionProperties) = preSolution
		HideSolutionNode = FALSE
	EndGlobalSection
	GlobalSection(NestedProjects) = preSolution
		{CE841C58-BFB4-4C07-93D8-650EDC8C757D} = {827E0CD3-B72D-47B6-A68D-7590B98EB39B}
		{97615ADA-9AFA-4C5E-BB10-06607AAAA739} = {827E0CD3-B72D-47B6-A68D-7590B98EB39B}
		{92316233-20C7-4F70-B341-EF3D4304E822} = {827E0CD3-B72D-47B6-A68D-7590B98EB39B}
		{F37A461A-A213-4235-9D24-D67C19F4A124} = {0C88DD14-F956-CE84-757C-A364CCF449FC}
		{14937BB9-3A48-4D30-8D04-9E5E9D95F40D} = {0C88DD14-F956-CE84-757C-A364CCF449FC}
		{9F59E8FD-5B82-4465-971B-A742F3A5CD92} = {827E0CD3-B72D-47B6-A68D-7590B98EB39B}
	EndGlobalSection
EndGlobal
